
Microsoft Visual Studio Solution File, Format Version 12.00
# Visual Studio Version 16
VisualStudioVersion = 16.0.30503.244
MinimumVisualStudioVersion = 10.0.40219.1
Project("{FAE04EC0-301F-11D3-BF4B-00C04F79EFBC}") = "OnlineShopFinal", "OnlineShopFinal.csproj", "{4EE537BC-9ACE-4BD3-8E3E-71675A447794}"
EndProject
Project("{FAE04EC0-301F-11D3-BF4B-00C04F79EFBC}") = "Model", "..\Model\Model.csproj", "{63E73768-7DFF-4A6C-B337-16D9619C4DCC}"
EndProject
Global
	GlobalSection(SolutionConfigurationPlatforms) = preSolution
		Debug|Any CPU = Debug|Any CPU
		Release|Any CPU = Release|Any CPU
	EndGlobalSection
	GlobalSection(ProjectConfigurationPlatforms) = postSolution
		{4EE537BC-9ACE-4BD3-8E3E-71675A447794}.Debug|Any CPU.ActiveCfg = Debug|Any CPU
		{4EE537BC-9ACE-4BD3-8E3E-71675A447794}.Debug|Any CPU.Build.0 = Debug|Any CPU
		{4EE537BC-9ACE-4BD3-8E3E-71675A447794}.Release|Any CPU.ActiveCfg = Release|Any CPU
		{4EE537BC-9ACE-4BD3-8E3E-71675A447794}.Release|Any CPU.Build.0 = Release|Any CPU
		{63E73768-7DFF-4A6C-B337-16D9619C4DCC}.Debug|Any CPU.ActiveCfg = Debug|Any CPU
		{63E73768-7DFF-4A6C-B337-16D9619C4DCC}.Debug|Any CPU.Build.0 = Debug|Any CPU
		{63E73768-7DFF-4A6C-B337-16D9619C4DCC}.Release|Any CPU.ActiveCfg = Release|Any CPU
		{63E73768-7DFF-4A6C-B337-16D9619C4DCC}.Release|Any CPU.Build.0 = Release|Any CPU
	EndGlobalSection
	GlobalSection(SolutionProperties) = preSolution
		HideSolutionNode = FALSE
	EndGlobalSection
	GlobalSection(ExtensibilityGlobals) = postSolution
		SolutionGuid = {E6C08370-26EC-4D72-89B3-CB9065475879}
	EndGlobalSection
EndGlobal
